{
  "name": "dsh-model-refresh",
  "version": "0.2.0",
  "lockfileVersion": 3,
  "requires": true,
  "packages": {
    "": {
      "name": "dsh-model-refresh",
      "version": "0.2.0",
      "license": "MIT",
      "dependencies": {
        "schemastery": "^3.18.0",
        "yaml": "^2.7.0"
      },
      "bin": {
        "model-refresh": "src/cli/main.js"
      },
      "engines": {
        "node": ">=20"
      },
      "peerDependencies": {
        "@deepseek-ai/cordis": ">=4.0.0",
        "@deepseek-ai/dsh-settings": ">=0.1.2-rc.1"
      },
      "peerDependenciesMeta": {
        "@deepseek-ai/cordis": {
          "optional": true
        },
        "@deepseek-ai/dsh-settings": {
          "optional": true
        }
      }
    },
    "node_modules/@standard-schema/spec": {
      "version": "1.1.0",
      "resolved": "https://registry.npmjs.org/@standard-schema/spec/-/spec-1.1.0.tgz",
      "integrity": "sha512-l2aFy5jALhniG5HgqrD6jXLi/rUWrKvqN/qJx6yoJsgKhblVd+iqqU4RCXavm/jPityDo5TCvKMnpjKnOriy0w==",
      "license": "MIT"
    },
    "node_modules/cosmokit": {
      "version": "1.8.1",
      "resolved": "https://registry.npmjs.org/cosmokit/-/cosmokit-1.8.1.tgz",
      "integrity": "sha512-PDBv4l90xZKrUsZ0vtoycgZpO/j4iFsqJXrAxsyBDsnQRI7ZMJXIjgDJsKNjd5L8jnVnnlrDCdhkFbTncgCVjQ==",
      "license": "MIT"
    },
    "node_modules/schemastery": {
      "version": "3.18.0",
      "resolved": "https://registry.npmjs.org/schemastery/-/schemastery-3.18.0.tgz",
      "integrity": "sha512-Jw2uxjoyyqc/yeurmChUEc/jbi8GsrdXV/KmqRUDZXJAXAmrJiPsz8vKa17l/VckyzljHZ9oGaul443CQiXxtA==",
      "license": "MIT",
      "dependencies": {
        "@standard-schema/spec": "^1.1.0",
        "cosmokit": "^1.8.1"
      }
    },
    "node_modules/yaml": {
      "version": "2.9.0",
      "resolved": "https://registry.npmjs.org/yaml/-/yaml-2.9.0.tgz",
      "integrity": "sha512-2AvhNX3mb8zd6Zy7INTtSpl1F15HW6Wnqj0srWlkKLcpYl/gMIMJiyuGq2KeI2YFxUPjdlB+3Lc10seMLtL4cA==",
      "license": "ISC",
      "bin": {
        "yaml": "bin.mjs"
      },
      "engines": {
        "node": ">= 14.6"
      },
      "funding": {
        "url": "https://github.com/sponsors/eemeli"
      }
    }
  }
}
